<?xml version="1.0" encoding="utf-8"?>
<Project ToolsVersion="4.0" xmlns="http://schemas.microsoft.com/developer/msbuild/2003">
  <ItemGroup>
    <Filter Include="Source Files">
      <UniqueIdentifier>{4FC737F1-C7A5-4376-A066-2A32D752A2FF}</UniqueIdentifier>
      <Extensions>cpp;c;cc;cxx;def;odl;idl;hpj;bat;asm;asmx</Extensions>
    </Filter>
    <Filter Include="Header Files">
      <UniqueIdentifier>{93995380-89BD-4b04-88EB-625FBE52EBFB}</UniqueIdentifier>
      <Extensions>h;hh;hpp;hxx;hm;inl;inc;xsd</Extensions>
    </Filter>
    <Filter Include="Resource Files">
      <UniqueIdentifier>{67DA6AB6-F800-4c08-8B7A-83BB121AAD01}</UniqueIdentifier>
      <Extensions>rc;ico;cur;bmp;dlg;rc2;rct;bin;rgs;gif;jpg;jpeg;jpe;resx;tiff;tif;png;wav;mfcribbon-ms</Extensions>
    </Filter>
  </ItemGroup>
  <ItemGroup>
    <Text Include="ReadMe.txt" />
  </ItemGroup>
  <ItemGroup>
    <ClInclude Include="apiend.h">
      <Filter>Header Files</Filter>
    </ClInclude>
    <ClInclude Include="asmjit.h">
      <Filter>Header Files</Filter>
    </ClInclude>
    <ClInclude Include="base.h">
      <Filter>Header Files</Filter>
    </ClInclude>
    <ClInclude Include="build.h">
      <Filter>Header Files</Filter>
    </ClInclude>
    <ClInclude Include="config.h">
      <Filter>Header Files</Filter>
    </ClInclude>
    <ClInclude Include="host.h">
      <Filter>Header Files</Filter>
    </ClInclude>
    <ClInclude Include="x86.h">
      <Filter>Header Files</Filter>
    </ClInclude>
    <ClInclude Include="base\assembler.h">
      <Filter>Header Files</Filter>
    </ClInclude>
    <ClInclude Include="base\codegen.h">
      <Filter>Header Files</Filter>
    </ClInclude>
    <ClInclude Include="base\compiler.h">
      <Filter>Header Files</Filter>
    </ClInclude>
    <ClInclude Include="base\constpool.h">
      <Filter>Header Files</Filter>
    </ClInclude>
    <ClInclude Include="base\containers.h">
      <Filter>Header Files</Filter>
    </ClInclude>
    <ClInclude Include="base\context_p.h">
      <Filter>Header Files</Filter>
    </ClInclude>
    <ClInclude Include="base\cpuinfo.h">
      <Filter>Header Files</Filter>
    </ClInclude>
    <ClInclude Include="base\cputicks.h">
      <Filter>Header Files</Filter>
    </ClInclude>
    <ClInclude Include="base\error.h">
      <Filter>Header Files</Filter>
    </ClInclude>
    <ClInclude Include="base\globals.h">
      <Filter>Header Files</Filter>
    </ClInclude>
    <ClInclude Include="base\intutil.h">
      <Filter>Header Files</Filter>
    </ClInclude>
    <ClInclude Include="base\lock.h">
      <Filter>Header Files</Filter>
    </ClInclude>
    <ClInclude Include="base\logger.h">
      <Filter>Header Files</Filter>
    </ClInclude>
    <ClInclude Include="base\operand.h">
      <Filter>Header Files</Filter>
    </ClInclude>
    <ClInclude Include="base\runtime.h">
      <Filter>Header Files</Filter>
    </ClInclude>
    <ClInclude Include="base\string.h">
      <Filter>Header Files</Filter>
    </ClInclude>
    <ClInclude Include="base\vectypes.h">
      <Filter>Header Files</Filter>
    </ClInclude>
    <ClInclude Include="base\vmem.h">
      <Filter>Header Files</Filter>
    </ClInclude>
    <ClInclude Include="base\zone.h">
      <Filter>Header Files</Filter>
    </ClInclude>
    <ClInclude Include="x86\x86assembler.h">
      <Filter>Header Files</Filter>
    </ClInclude>
    <ClInclude Include="x86\x86compiler.h">
      <Filter>Header Files</Filter>
    </ClInclude>
    <ClInclude Include="x86\x86context_p.h">
      <Filter>Header Files</Filter>
    </ClInclude>
    <ClInclude Include="x86\x86cpuinfo.h">
      <Filter>Header Files</Filter>
    </ClInclude>
    <ClInclude Include="x86\x86inst.h">
      <Filter>Header Files</Filter>
    </ClInclude>
    <ClInclude Include="x86\x86operand.h">
      <Filter>Header Files</Filter>
    </ClInclude>
    <ClInclude Include="x86\x86scheduler_p.h">
      <Filter>Header Files</Filter>
    </ClInclude>
    <ClInclude Include="apibegin.h">
      <Filter>Header Files</Filter>
    </ClInclude>
  </ItemGroup>
  <ItemGroup>
    <ClCompile Include="base\assembler.cpp">
      <Filter>Source Files</Filter>
    </ClCompile>
    <ClCompile Include="base\codegen.cpp">
      <Filter>Source Files</Filter>
    </ClCompile>
    <ClCompile Include="base\compiler.cpp">
      <Filter>Source Files</Filter>
    </ClCompile>
    <ClCompile Include="base\constpool.cpp">
      <Filter>Source Files</Filter>
    </ClCompile>
    <ClCompile Include="base\containers.cpp">
      <Filter>Source Files</Filter>
    </ClCompile>
    <ClCompile Include="base\context.cpp">
      <Filter>Source Files</Filter>
    </ClCompile>
    <ClCompile Include="base\cpuinfo.cpp">
      <Filter>Source Files</Filter>
    </ClCompile>
    <ClCompile Include="base\cputicks.cpp">
      <Filter>Source Files</Filter>
    </ClCompile>
    <ClCompile Include="base\error.cpp">
      <Filter>Source Files</Filter>
    </ClCompile>
    <ClCompile Include="base\globals.cpp">
      <Filter>Source Files</Filter>
    </ClCompile>
    <ClCompile Include="base\intutil.cpp">
      <Filter>Source Files</Filter>
    </ClCompile>
    <ClCompile Include="base\logger.cpp">
      <Filter>Source Files</Filter>
    </ClCompile>
    <ClCompile Include="base\operand.cpp">
      <Filter>Source Files</Filter>
    </ClCompile>
    <ClCompile Include="base\runtime.cpp">
      <Filter>Source Files</Filter>
    </ClCompile>
    <ClCompile Include="base\string.cpp">
      <Filter>Source Files</Filter>
    </ClCompile>
    <ClCompile Include="base\vmem.cpp">
      <Filter>Source Files</Filter>
    </ClCompile>
    <ClCompile Include="base\zone.cpp">
      <Filter>Source Files</Filter>
    </ClCompile>
    <ClCompile Include="x86\x86assembler.cpp">
      <Filter>Source Files</Filter>
    </ClCompile>
    <ClCompile Include="x86\x86compiler.cpp">
      <Filter>Source Files</Filter>
    </ClCompile>
    <ClCompile Include="x86\x86context.cpp">
      <Filter>Source Files</Filter>
    </ClCompile>
    <ClCompile Include="x86\x86cpuinfo.cpp">
      <Filter>Source Files</Filter>
    </ClCompile>
    <ClCompile Include="x86\x86inst.cpp">
      <Filter>Source Files</Filter>
    </ClCompile>
    <ClCompile Include="x86\x86operand.cpp">
      <Filter>Source Files</Filter>
    </ClCompile>
    <ClCompile Include="x86\x86operand_regs.cpp">
      <Filter>Source Files</Filter>
    </ClCompile>
    <ClCompile Include="x86\x86scheduler.cpp">
      <Filter>Source Files</Filter>
    </ClCompile>
  </ItemGroup>
</Project>